{
    "name": "agentcache-ai",
    "version": "1.0.0",
    "lockfileVersion": 3,
    "requires": true,
    "packages": {
        "": {
            "name": "agentcache-ai",
            "version": "1.0.0",
            "dependencies": {
                "@cfworker/json-schema": "^4.1.1",
                "@modelcontextprotocol/sdk": "^1.22.0",
                "@upstash/redis": "^1.31.6",
                "drizzle-orm": "^0.33.0",
                "postgres": "^3.4.4",
                "stripe": "^17.4.0",
                "zod": "^4.1.12"
            },
            "devDependencies": {
                "@types/node": "^24.10.1",
                "tsx": "^4.20.6",
                "typescript": "^5.9.3"
            }
        }
    }
}